
Microsoft Visual Studio Solution File, Format Version 12.00
# Visual Studio Version 17
VisualStudioVersion = 17.8.34330.188
MinimumVisualStudioVersion = 10.0.40219.1
Project("{FAE04EC0-301F-11D3-BF4B-00C04F79EFBC}") = "tablici i klasove", "tablici i klasove\tablici i klasove.csproj", "{0AF9ECC5-F8B9-4AFA-9C7A-71E23AD2D61C}"
EndProject
Global
	GlobalSection(SolutionConfigurationPlatforms) = preSolution
		Debug|Any CPU = Debug|Any CPU
		Release|Any CPU = Release|Any CPU
	EndGlobalSection
	GlobalSection(ProjectConfigurationPlatforms) = postSolution
		{0AF9ECC5-F8B9-4AFA-9C7A-71E23AD2D61C}.Debug|Any CPU.ActiveCfg = Debug|Any CPU
		{0AF9ECC5-F8B9-4AFA-9C7A-71E23AD2D61C}.Debug|Any CPU.Build.0 = Debug|Any CPU
		{0AF9ECC5-F8B9-4AFA-9C7A-71E23AD2D61C}.Release|Any CPU.ActiveCfg = Release|Any CPU
		{0AF9ECC5-F8B9-4AFA-9C7A-71E23AD2D61C}.Release|Any CPU.Build.0 = Release|Any CPU
	EndGlobalSection
	GlobalSection(SolutionProperties) = preSolution
		HideSolutionNode = FALSE
	EndGlobalSection
	GlobalSection(ExtensibilityGlobals) = postSolution
		SolutionGuid = {0DA5C2AB-0EF1-405C-9831-7517501B5BE6}
	EndGlobalSection
EndGlobal
